{
  "version": "5",
  "specifiers": {
    "jsr:@cloudydeno/aws-api@0.10": "0.10.0",
    "jsr:@cloudydeno/aws-codegen@0.9": "0.9.0",
    "jsr:@cloudydeno/bitesized@^1.0.4": "1.0.9",
    "jsr:@cloudydeno/bitesized@^1.0.9": "1.0.9",
    "jsr:@cloudydeno/doci@0.4": "0.4.0",
    "jsr:@cloudydeno/docker-registry-client@0.7": "0.7.0",
    "jsr:@cloudydeno/jmespath@1": "1.0.1",
    "jsr:@cloudydeno/kubernetes-apis@~0.7.2": "0.7.2",
    "jsr:@cloudydeno/kubernetes-client@0.8": "0.8.1",
    "jsr:@cloudydeno/kubernetes-client@~0.8.1": "0.8.1",
    "jsr:@cloudydeno/oci-toolkit@0.4": "0.4.0",
    "jsr:@cloudydeno/opentelemetry@0.10": "0.10.4",
    "jsr:@cloudydeno/opentelemetry@0.11": "0.11.1",
    "jsr:@cloudydeno/stream-observables@^1.5.0": "1.5.0",
    "jsr:@deno-library/progress@^1.5.1": "1.5.1",
    "jsr:@deno/graph@0.105": "0.105.0",
    "jsr:@std/assert@1": "1.0.19",
    "jsr:@std/assert@^1.0.16": "1.0.19",
    "jsr:@std/assert@^1.0.19": "1.0.19",
    "jsr:@std/async@^1.0.14": "1.5.0",
    "jsr:@std/cache@0.2": "0.2.3",
    "jsr:@std/collections@^1.1.3": "1.3.0",
    "jsr:@std/crypto@^1.0.5": "1.1.0",
    "jsr:@std/encoding@0.224.0": "0.224.0",
    "jsr:@std/encoding@1": "1.0.11",
    "jsr:@std/encoding@^1.0.10": "1.0.11",
    "jsr:@std/fmt@1.0.3": "1.0.3",
    "jsr:@std/fmt@^1.0.5": "1.0.10",
    "jsr:@std/fs@^1.0.11": "1.0.24",
    "jsr:@std/internal@^1.0.12": "1.0.14",
    "jsr:@std/internal@^1.0.14": "1.0.14",
    "jsr:@std/io@0.225.0": "0.225.0",
    "jsr:@std/io@~0.225.2": "0.225.3",
    "jsr:@std/log@~0.224.14": "0.224.14",
    "jsr:@std/path@1": "1.1.6",
    "jsr:@std/path@^1.1.4": "1.1.6",
    "jsr:@std/streams@1": "1.1.1",
    "jsr:@std/streams@^1.0.17": "1.1.1",
    "jsr:@std/tar@0.1": "0.1.10",
    "jsr:@std/tar@~0.1.9": "0.1.10",
    "jsr:@std/toml@^1.0.11": "1.0.11",
    "jsr:@std/yaml@1": "1.1.2",
    "jsr:@std/yaml@^1.1.2": "1.1.2",
    "jsr:@takker/md5@0.1": "0.1.0",
    "jsr:@zaubrik/djwt@3": "3.0.2",
    "npm:http-cache-semantics@4.2.0": "4.2.0",
    "npm:komando@1": "1.0.3",
    "npm:undici@7": "7.28.0"
  },
  "jsr": {
    "@cloudydeno/aws-api@0.10.0": {
      "integrity": "94c9d6ddc50910ef5967d0f19a2f90fcb34913b9d2eb75059c762049516704f6",
      "dependencies": [
        "jsr:@std/async",
        "jsr:@std/encoding@^1.0.10",
        "jsr:@takker/md5"
      ]
    },
    "@cloudydeno/aws-codegen@0.9.0": {
      "integrity": "c2b31646e6bf8e033138704895b1f405135b9b3a852a5c1e1fa87565d1201179",
      "dependencies": [
        "jsr:@cloudydeno/aws-api",
        "jsr:@cloudydeno/jmespath",
        "jsr:@cloudydeno/opentelemetry@0.10",
        "jsr:@std/cache",
        "jsr:@std/path@1",
        "jsr:@std/yaml@^1.1.2",
        "npm:http-cache-semantics"
      ]
    },
    "@cloudydeno/bitesized@1.0.9": {
      "integrity": "dbd5b63fcd803a93469451990ecc1e1769609324b2a91600cc21ccfe9c4f626f",
      "dependencies": [
        "jsr:@cloudydeno/opentelemetry@0.11",
        "jsr:@std/encoding@1",
        "jsr:@std/path@1",
        "jsr:@std/yaml@1",
        "jsr:@zaubrik/djwt"
      ]
    },
    "@cloudydeno/doci@0.4.0": {
      "integrity": "4406b76ceea55a2302479cb3cc3fdd1b8eef2939810f3d3325f2c33e03c0c2b4",
      "dependencies": [
        "jsr:@cloudydeno/bitesized@^1.0.4",
        "jsr:@cloudydeno/docker-registry-client",
        "jsr:@cloudydeno/oci-toolkit",
        "jsr:@cloudydeno/stream-observables",
        "jsr:@deno/graph",
        "jsr:@std/assert@1",
        "jsr:@std/path@1",
        "jsr:@std/tar@0.1",
        "jsr:@std/yaml@1",
        "npm:komando"
      ]
    },
    "@cloudydeno/docker-registry-client@0.7.0": {
      "integrity": "521f74be14425adcb05e13f5eb4fa456b42c039e662bfbdfd00ff28b316ec9b6",
      "dependencies": [
        "jsr:@std/crypto"
      ]
    },
    "@cloudydeno/jmespath@1.0.1": {
      "integrity": "de46849bf1dea8819bb2c6f574f2ca7faf25d14c36675407df797cccf76bf354"
    },
    "@cloudydeno/kubernetes-apis@0.7.2": {
      "integrity": "12dd29857228a695f75cbf91c8e630ad6ae73de174823f135a42d9b0a7cad608",
      "dependencies": [
        "jsr:@cloudydeno/kubernetes-client@0.8"
      ]
    },
    "@cloudydeno/kubernetes-client@0.8.1": {
      "integrity": "d7baa0166ee2c375c23d89e285831ca6569ea14a3cfb4434460c96e71b08d23e",
      "dependencies": [
        "jsr:@std/path@1",
        "jsr:@std/streams@1",
        "jsr:@std/yaml@1",
        "npm:undici"
      ]
    },
    "@cloudydeno/oci-toolkit@0.4.0": {
      "integrity": "efbb7499b57010faa7312c0614c9103d14c574ab8f4ef80325c6b28f249e9c0d",
      "dependencies": [
        "jsr:@cloudydeno/docker-registry-client",
        "jsr:@cloudydeno/stream-observables",
        "jsr:@deno-library/progress",
        "jsr:@std/assert@^1.0.16",
        "jsr:@std/path@^1.1.4",
        "jsr:@std/tar@~0.1.9"
      ]
    },
    "@cloudydeno/opentelemetry@0.10.4": {
      "integrity": "6de17ad5a64fcf7e0d49e95c72d1ac0c9965274299fef3df8e113715ef384949"
    },
    "@cloudydeno/opentelemetry@0.11.1": {
      "integrity": "fcf3bec43e13170b40b0a22dc1212dd28b7c0bbd153e6b307275848444a276e2"
    },
    "@cloudydeno/stream-observables@1.5.0": {
      "integrity": "1fb2c5149186a7947e969da35294439c86aa44806f661d97ed2e81f63d87f8ba"
    },
    "@deno-library/progress@1.5.1": {
      "integrity": "966611826b8bb27baae73ab1c4fa4317cd4edd2abb99750cd6f8488d22d5b121",
      "dependencies": [
        "jsr:@std/fmt@1.0.3",
        "jsr:@std/io@0.225.0"
      ]
    },
    "@deno/graph@0.105.0": {
      "integrity": "0bc45ad64acfff66ae8b9536d185559804e867b36b210c4b4d1924adcc8aacd7"
    },
    "@std/assert@1.0.19": {
      "integrity": "eaada96ee120cb980bc47e040f82814d786fe8162ecc53c91d8df60b8755991e",
      "dependencies": [
        "jsr:@std/internal@^1.0.12"
      ]
    },
    "@std/async@1.5.0": {
      "integrity": "4c1f22d287a17ad7d8643b1952bc5a4d21e5d8b68dc8c20d8268eecc69096e82"
    },
    "@std/cache@0.2.3": {
      "integrity": "4e0bcab2e61f7c5637937bfe2bb13ccdd15e4dc3092beb14b78726bea8c49916"
    },
    "@std/collections@1.3.0": {
      "integrity": "eb36b43d784477ea0b476483ac034a14bdd182aff921c812ecf662a1fcef9498"
    },
    "@std/crypto@1.1.0": {
      "integrity": "b8d6d0a6377a32b213af2661ed7bf1062d94feac0c57def5526a8e74a95c3ec8"
    },
    "@std/encoding@0.224.0": {
      "integrity": "efb6dca97d3e9c31392bd5c8cfd9f9fc9decf5a1f4d1f78af7900a493bcf89b5"
    },
    "@std/encoding@1.0.11": {
      "integrity": "e7cef2f0b3153bccc17431e7c864a1de03a4b6d9647389c43e08aaa775d37385"
    },
    "@std/fmt@1.0.3": {
      "integrity": "97765c16aa32245ff4e2204ecf7d8562496a3cb8592340a80e7e554e0bb9149f"
    },
    "@std/fmt@1.0.10": {
      "integrity": "90dfba288802ac6de82fb31d0917eb9e4450b9925b954d5e51fc29ac07419db5"
    },
    "@std/fs@1.0.24": {
      "integrity": "f3061b45b81673a2bece689da041df32d174be064c89eb6397fb5718d3fb7877"
    },
    "@std/internal@1.0.14": {
      "integrity": "291516b3d4c35024d6ffbc0a9df5bf4c64116e05b50012cf846710152d2ffdf7"
    },
    "@std/io@0.225.0": {
      "integrity": "c1db7c5e5a231629b32d64b9a53139445b2ca640d828c26bf23e1c55f8c079b3"
    },
    "@std/io@0.225.3": {
      "integrity": "27b07b591384d12d7b568f39e61dff966b8230559122df1e9fd11cc068f7ddd1"
    },
    "@std/log@0.224.14": {
      "integrity": "257f7adceee3b53bb2bc86c7242e7d1bc59729e57d4981c4a7e5b876c808f05e",
      "dependencies": [
        "jsr:@std/fmt@^1.0.5",
        "jsr:@std/fs",
        "jsr:@std/io@~0.225.2"
      ]
    },
    "@std/path@1.1.6": {
      "integrity": "c68485c2a4dfbb5ae3cc74fae4e8c4e5d874cf8a8ed12927917235c758b46cbe",
      "dependencies": [
        "jsr:@std/internal@^1.0.14"
      ]
    },
    "@std/streams@1.1.1": {
      "integrity": "92556d350e537e9dce527a6d08f6f15be3ff65e656079dea69d15252187c7613"
    },
    "@std/tar@0.1.10": {
      "integrity": "6bf907f3a4bc8bfef42973ba132d946756a6161ef6b914a9e1c06debe664db17",
      "dependencies": [
        "jsr:@std/streams@^1.0.17"
      ]
    },
    "@std/toml@1.0.11": {
      "integrity": "e084988b872ca4bad6aedfb7350f6eeed0e8ba88e9ee5e1590621c5b5bb8f715",
      "dependencies": [
        "jsr:@std/collections"
      ]
    },
    "@std/yaml@1.1.2": {
      "integrity": "de612653c036749ba2044165e316f52412b0f0698afffb7ee80b5331d6d2abae"
    },
    "@takker/md5@0.1.0": {
      "integrity": "4c423d8247aadf7bcb1eb83c727bf28c05c21906e916517395d00aa157b6eae0"
    },
    "@zaubrik/djwt@3.0.2": {
      "integrity": "8070adaa49cd9e5d2b8ae82fd461132c966ef2f8ff8378db4a4da8df4f17c664",
      "dependencies": [
        "jsr:@std/encoding@0.224.0"
      ]
    }
  },
  "npm": {
    "http-cache-semantics@4.2.0": {
      "integrity": "sha512-dTxcvPXqPvXBQpq5dUr6mEMJX4oIEFv6bwom3FDwKRDsuIjjJGANqhBuoAn9c1RQJIdAKav33ED65E2ys+87QQ=="
    },
    "komando@1.0.3": {
      "integrity": "sha512-/rCDK6AmxfRFIF4oCx3gx4judtdYQr+t1lmBDsbvFeiZImcCs6aUuorQyBml8xrGqC6S0acW2ZAu/zLX4NobUA=="
    },
    "undici@7.28.0": {
      "integrity": "sha512-cRZYrTDwWznlnRiPjggAGxZXanty6M8RV1ff8Wm4LWXBp7/IG8v5DnOm74DtUBp9OONpK75YlPnIjQqX0dBDtA=="
    }
  },
  "workspace": {
    "dependencies": [
      "jsr:@cloudydeno/aws-api@0.10",
      "jsr:@cloudydeno/aws-codegen@0.9",
      "jsr:@cloudydeno/bitesized@^1.0.9",
      "jsr:@cloudydeno/doci@0.4",
      "jsr:@cloudydeno/kubernetes-apis@~0.7.2",
      "jsr:@cloudydeno/kubernetes-client@~0.8.1",
      "jsr:@cloudydeno/stream-observables@^1.5.0",
      "jsr:@std/assert@^1.0.19",
      "jsr:@std/log@~0.224.14",
      "jsr:@std/toml@^1.0.11"
    ]
  }
}
