{
  "version": "5",
  "specifiers": {
    "jsr:@cloudydeno/aws-api@0.9": "0.9.0",
    "jsr:@cloudydeno/bitesized@1": "1.0.3",
    "jsr:@cloudydeno/doci@0.3": "0.3.3",
    "jsr:@cloudydeno/docker-registry-client@0.6": "0.6.1",
    "jsr:@cloudydeno/kubernetes-apis@0.6": "0.6.0",
    "jsr:@cloudydeno/kubernetes-client@0.7": "0.7.7",
    "jsr:@cloudydeno/oci-toolkit@0.3": "0.3.0",
    "jsr:@cloudydeno/stream-observables@1": "1.4.1",
    "jsr:@deno-library/progress@1": "1.5.1",
    "jsr:@deno/graph@0.91": "0.91.0",
    "jsr:@std/assert@1": "1.0.14",
    "jsr:@std/async@^1.0.14": "1.0.14",
    "jsr:@std/collections@^1.1.3": "1.1.3",
    "jsr:@std/crypto@1.0.4": "1.0.4",
    "jsr:@std/encoding@0.224.0": "0.224.0",
    "jsr:@std/encoding@^1.0.10": "1.0.10",
    "jsr:@std/fmt@1.0.3": "1.0.3",
    "jsr:@std/fmt@^1.0.5": "1.0.8",
    "jsr:@std/fs@^1.0.11": "1.0.17",
    "jsr:@std/internal@^1.0.10": "1.0.10",
    "jsr:@std/io@0.225.0": "0.225.0",
    "jsr:@std/io@~0.225.2": "0.225.2",
    "jsr:@std/log@0.224": "0.224.14",
    "jsr:@std/path@1": "1.1.2",
    "jsr:@std/path@^1.0.9": "1.1.2",
    "jsr:@std/streams@1": "1.0.12",
    "jsr:@std/streams@^1.0.12": "1.0.12",
    "jsr:@std/tar@0.1": "0.1.8",
    "jsr:@std/toml@1": "1.0.10",
    "jsr:@std/yaml@1": "1.0.9",
    "jsr:@std/yaml@^1.0.6": "1.0.9",
    "jsr:@takker/md5@0.1": "0.1.0",
    "jsr:@zaubrik/djwt@^3.0.2": "3.0.2",
    "npm:komando@1": "1.0.3"
  },
  "jsr": {
    "@cloudydeno/aws-api@0.9.0": {
      "integrity": "f634fb3401a28478f62f15f617b28937ac298b3e5ee65ede2d9eb7876541a47e",
      "dependencies": [
        "jsr:@std/async",
        "jsr:@std/encoding@^1.0.10",
        "jsr:@takker/md5"
      ]
    },
    "@cloudydeno/bitesized@1.0.3": {
      "integrity": "bba8b4e8931f9fdede8347dee730cdde10f939a50a363b2ff128d5982d30b334",
      "dependencies": [
        "jsr:@std/encoding@^1.0.10",
        "jsr:@std/path@^1.0.9",
        "jsr:@std/yaml@^1.0.6",
        "jsr:@zaubrik/djwt"
      ]
    },
    "@cloudydeno/doci@0.3.3": {
      "integrity": "4a2a7db81fa1f346a3f77c44a1e4863b8d876abf8a212289ec2a89fc66212bfe",
      "dependencies": [
        "jsr:@cloudydeno/bitesized",
        "jsr:@cloudydeno/docker-registry-client",
        "jsr:@cloudydeno/oci-toolkit",
        "jsr:@cloudydeno/stream-observables",
        "jsr:@deno/graph",
        "jsr:@std/assert",
        "jsr:@std/path@1",
        "jsr:@std/tar",
        "jsr:@std/yaml@1",
        "npm:komando"
      ]
    },
    "@cloudydeno/docker-registry-client@0.6.1": {
      "integrity": "6ceba5b770a49e5ab83e87cf0ac2ac10d9caee0c51c10c227a22b09efc3d5542",
      "dependencies": [
        "jsr:@std/crypto"
      ]
    },
    "@cloudydeno/kubernetes-apis@0.6.0": {
      "integrity": "d8b8402632f4295713606841b7041fd6891ef3f6b1e789b544b3332e72c9c5a1",
      "dependencies": [
        "jsr:@cloudydeno/kubernetes-client"
      ]
    },
    "@cloudydeno/kubernetes-client@0.7.7": {
      "integrity": "631ad5d265b03936cf169860bbe3595e336c1e4730ab9bb9d2fe6f7e7fd095ee",
      "dependencies": [
        "jsr:@cloudydeno/stream-observables",
        "jsr:@std/path@1",
        "jsr:@std/streams@1",
        "jsr:@std/yaml@1"
      ]
    },
    "@cloudydeno/oci-toolkit@0.3.0": {
      "integrity": "f38ec527eec5872a9a9196b8996aaa0a2a9b72c5c85cd76d7578895423c9a8e0",
      "dependencies": [
        "jsr:@cloudydeno/docker-registry-client",
        "jsr:@cloudydeno/stream-observables",
        "jsr:@deno-library/progress",
        "jsr:@std/assert",
        "jsr:@std/path@1",
        "jsr:@std/tar"
      ]
    },
    "@cloudydeno/stream-observables@1.4.1": {
      "integrity": "555aa3d786fcfd066d096fc943ea47afc688618e95146e615705e981008f57c0"
    },
    "@deno-library/progress@1.5.1": {
      "integrity": "966611826b8bb27baae73ab1c4fa4317cd4edd2abb99750cd6f8488d22d5b121",
      "dependencies": [
        "jsr:@std/fmt@1.0.3",
        "jsr:@std/io@0.225.0"
      ]
    },
    "@deno/graph@0.91.0": {
      "integrity": "3633b67eeb2d46cc73cdbbb353018ca1ae4808b188a87257efca34954a8c5855"
    },
    "@std/assert@1.0.14": {
      "integrity": "68d0d4a43b365abc927f45a9b85c639ea18a9fab96ad92281e493e4ed84abaa4",
      "dependencies": [
        "jsr:@std/internal"
      ]
    },
    "@std/async@1.0.14": {
      "integrity": "62e954a418652c704d37563a3e54a37d4cf0268a9dcaeac1660cc652880b5326"
    },
    "@std/collections@1.1.3": {
      "integrity": "bf8b0818886df6a32b64c7d3b037a425111f28278d69fd0995aeb62777c986b0"
    },
    "@std/crypto@1.0.4": {
      "integrity": "cee245c453bd5366207f4d8aa25ea3e9c86cecad2be3fefcaa6cb17203d79340"
    },
    "@std/encoding@0.224.0": {
      "integrity": "efb6dca97d3e9c31392bd5c8cfd9f9fc9decf5a1f4d1f78af7900a493bcf89b5"
    },
    "@std/encoding@1.0.10": {
      "integrity": "8783c6384a2d13abd5e9e87a7ae0520a30e9f56aeeaa3bdf910a3eaaf5c811a1"
    },
    "@std/fmt@1.0.3": {
      "integrity": "97765c16aa32245ff4e2204ecf7d8562496a3cb8592340a80e7e554e0bb9149f"
    },
    "@std/fmt@1.0.8": {
      "integrity": "71e1fc498787e4434d213647a6e43e794af4fd393ef8f52062246e06f7e372b7"
    },
    "@std/fs@1.0.17": {
      "integrity": "1c00c632677c1158988ef7a004cb16137f870aafdb8163b9dce86ec652f3952b"
    },
    "@std/internal@1.0.10": {
      "integrity": "e3be62ce42cab0e177c27698e5d9800122f67b766a0bea6ca4867886cbde8cf7"
    },
    "@std/io@0.225.0": {
      "integrity": "c1db7c5e5a231629b32d64b9a53139445b2ca640d828c26bf23e1c55f8c079b3"
    },
    "@std/io@0.225.2": {
      "integrity": "3c740cd4ee4c082e6cfc86458f47e2ab7cb353dc6234d5e9b1f91a2de5f4d6c7"
    },
    "@std/log@0.224.14": {
      "integrity": "257f7adceee3b53bb2bc86c7242e7d1bc59729e57d4981c4a7e5b876c808f05e",
      "dependencies": [
        "jsr:@std/fmt@^1.0.5",
        "jsr:@std/fs",
        "jsr:@std/io@~0.225.2"
      ]
    },
    "@std/path@1.1.2": {
      "integrity": "c0b13b97dfe06546d5e16bf3966b1cadf92e1cc83e56ba5476ad8b498d9e3038",
      "dependencies": [
        "jsr:@std/internal"
      ]
    },
    "@std/streams@1.0.12": {
      "integrity": "ae925fa1dc459b1abf5cbaa28cc5c7b0485853af3b2a384b0dc22d86e59dfbf4"
    },
    "@std/tar@0.1.8": {
      "integrity": "ada7d0ca24d8fa52c429bd9d2cc8bb2934ae54600f5f0c803aca4333204862a0",
      "dependencies": [
        "jsr:@std/streams@^1.0.12"
      ]
    },
    "@std/toml@1.0.10": {
      "integrity": "87b2b7ff95afe7209a868732eb013a2707be29a15229f5b57bb13eededff4655",
      "dependencies": [
        "jsr:@std/collections"
      ]
    },
    "@std/yaml@1.0.9": {
      "integrity": "6bad3dc766dd85b4b37eabcba81b6aa4eac7a392792ae29abcfb0f90602d55bb"
    },
    "@takker/md5@0.1.0": {
      "integrity": "4c423d8247aadf7bcb1eb83c727bf28c05c21906e916517395d00aa157b6eae0"
    },
    "@zaubrik/djwt@3.0.2": {
      "integrity": "8070adaa49cd9e5d2b8ae82fd461132c966ef2f8ff8378db4a4da8df4f17c664",
      "dependencies": [
        "jsr:@std/encoding@0.224.0"
      ]
    }
  },
  "npm": {
    "komando@1.0.3": {
      "integrity": "sha512-/rCDK6AmxfRFIF4oCx3gx4judtdYQr+t1lmBDsbvFeiZImcCs6aUuorQyBml8xrGqC6S0acW2ZAu/zLX4NobUA=="
    }
  },
  "workspace": {
    "dependencies": [
      "jsr:@cloudydeno/aws-api@0.9",
      "jsr:@cloudydeno/bitesized@1",
      "jsr:@cloudydeno/doci@0.3",
      "jsr:@cloudydeno/kubernetes-apis@0.6",
      "jsr:@cloudydeno/kubernetes-client@0.7",
      "jsr:@cloudydeno/stream-observables@1",
      "jsr:@std/assert@1",
      "jsr:@std/log@0.224",
      "jsr:@std/toml@1"
    ]
  }
}
